
Microsoft Visual Studio Solution File, Format Version 12.00
# Visual Studio Version 17
VisualStudioVersion = 17.10.35122.118
MinimumVisualStudioVersion = 10.0.40219.1
Project("{9A19103F-16F7-4668-BE54-9A1E7A4F7556}") = "NetCoreAI.Project1_ApiDemo", "NetCoreAI.Project1_ApiDemo\NetCoreAI.Project1_ApiDemo.csproj", "{DEE7B87E-AA30-4D8D-A677-23242D2AE62E}"
EndProject
Project("{9A19103F-16F7-4668-BE54-9A1E7A4F7556}") = "NetCoreAI.Project2_ApiConsumeUI", "NetCoreAI.Project2_ApiConsumeUI\NetCoreAI.Project2_ApiConsumeUI.csproj", "{028E5A5F-EE23-4CAB-8A37-E6CB0CD27CD6}"
EndProject
Project("{9A19103F-16F7-4668-BE54-9A1E7A4F7556}") = "NetCoreAI.Project3_RapidApi", "NetCoreAI.Project3_RapidApi\NetCoreAI.Project3_RapidApi.csproj", "{7F1D1422-2EFE-4761-99E9-94E3021DF59F}"
EndProject
Project("{9A19103F-16F7-4668-BE54-9A1E7A4F7556}") = "NetCoreAI.Project4_OpenAIChat", "NetCoreAI.Project4_OpenAIChat\NetCoreAI.Project4_OpenAIChat.csproj", "{EB089D28-F262-4F6F-8D1C-AFAE33659429}"
EndProject
Project("{9A19103F-16F7-4668-BE54-9A1E7A4F7556}") = "NetCoreAI.Project5_OpenWhisperAudioTranskript", "NetCoreAI.Project5_OpenWhisperAudioTranskript\NetCoreAI.Project5_OpenWhisperAudioTranskript.csproj", "{FDEC6022-B848-42F0-92E9-32DA2538ABAE}"
EndProject
Project("{9A19103F-16F7-4668-BE54-9A1E7A4F7556}") = "NetCoreAI.Project6_DallEImageGeneration", "NetCoreAI.Project6_DallEImageGeneration\NetCoreAI.Project6_DallEImageGeneration.csproj", "{78D3F3BA-3F38-4D81-8C9B-34553A361E3D}"
EndProject
Project("{9A19103F-16F7-4668-BE54-9A1E7A4F7556}") = "NetCoreAI.Project7_TesseractOcr", "NetCoreAI.Project7_TesseractOcr\NetCoreAI.Project7_TesseractOcr.csproj", "{E9AD5A7F-88C2-4651-8BBC-2F00A86CC9FF}"
EndProject
Project("{FAE04EC0-301F-11D3-BF4B-00C04F79EFBC}") = "NetCoreAI.Project8_GoogleCloudVision", "NetCoreAI.Project8_GoogleCloudVision\NetCoreAI.Project8_GoogleCloudVision.csproj", "{72A0B021-FD58-456B-9BFE-CDD99EDC85A3}"
EndProject
Global
	GlobalSection(SolutionConfigurationPlatforms) = preSolution
		Debug|Any CPU = Debug|Any CPU
		Release|Any CPU = Release|Any CPU
	EndGlobalSection
	GlobalSection(ProjectConfigurationPlatforms) = postSolution
		{DEE7B87E-AA30-4D8D-A677-23242D2AE62E}.Debug|Any CPU.ActiveCfg = Debug|Any CPU
		{DEE7B87E-AA30-4D8D-A677-23242D2AE62E}.Debug|Any CPU.Build.0 = Debug|Any CPU
		{DEE7B87E-AA30-4D8D-A677-23242D2AE62E}.Release|Any CPU.ActiveCfg = Release|Any CPU
		{DEE7B87E-AA30-4D8D-A677-23242D2AE62E}.Release|Any CPU.Build.0 = Release|Any CPU
		{028E5A5F-EE23-4CAB-8A37-E6CB0CD27CD6}.Debug|Any CPU.ActiveCfg = Debug|Any CPU
		{028E5A5F-EE23-4CAB-8A37-E6CB0CD27CD6}.Debug|Any CPU.Build.0 = Debug|Any CPU
		{028E5A5F-EE23-4CAB-8A37-E6CB0CD27CD6}.Release|Any CPU.ActiveCfg = Release|Any CPU
		{028E5A5F-EE23-4CAB-8A37-E6CB0CD27CD6}.Release|Any CPU.Build.0 = Release|Any CPU
		{7F1D1422-2EFE-4761-99E9-94E3021DF59F}.Debug|Any CPU.ActiveCfg = Debug|Any CPU
		{7F1D1422-2EFE-4761-99E9-94E3021DF59F}.Debug|Any CPU.Build.0 = Debug|Any CPU
		{7F1D1422-2EFE-4761-99E9-94E3021DF59F}.Release|Any CPU.ActiveCfg = Release|Any CPU
		{7F1D1422-2EFE-4761-99E9-94E3021DF59F}.Release|Any CPU.Build.0 = Release|Any CPU
		{EB089D28-F262-4F6F-8D1C-AFAE33659429}.Debug|Any CPU.ActiveCfg = Debug|Any CPU
		{EB089D28-F262-4F6F-8D1C-AFAE33659429}.Debug|Any CPU.Build.0 = Debug|Any CPU
		{EB089D28-F262-4F6F-8D1C-AFAE33659429}.Release|Any CPU.ActiveCfg = Release|Any CPU
		{EB089D28-F262-4F6F-8D1C-AFAE33659429}.Release|Any CPU.Build.0 = Release|Any CPU
		{FDEC6022-B848-42F0-92E9-32DA2538ABAE}.Debug|Any CPU.ActiveCfg = Debug|Any CPU
		{FDEC6022-B848-42F0-92E9-32DA2538ABAE}.Debug|Any CPU.Build.0 = Debug|Any CPU
		{FDEC6022-B848-42F0-92E9-32DA2538ABAE}.Release|Any CPU.ActiveCfg = Release|Any CPU
		{FDEC6022-B848-42F0-92E9-32DA2538ABAE}.Release|Any CPU.Build.0 = Release|Any CPU
		{78D3F3BA-3F38-4D81-8C9B-34553A361E3D}.Debug|Any CPU.ActiveCfg = Debug|Any CPU
		{78D3F3BA-3F38-4D81-8C9B-34553A361E3D}.Debug|Any CPU.Build.0 = Debug|Any CPU
		{78D3F3BA-3F38-4D81-8C9B-34553A361E3D}.Release|Any CPU.ActiveCfg = Release|Any CPU
		{78D3F3BA-3F38-4D81-8C9B-34553A361E3D}.Release|Any CPU.Build.0 = Release|Any CPU
		{E9AD5A7F-88C2-4651-8BBC-2F00A86CC9FF}.Debug|Any CPU.ActiveCfg = Debug|Any CPU
		{E9AD5A7F-88C2-4651-8BBC-2F00A86CC9FF}.Debug|Any CPU.Build.0 = Debug|Any CPU
		{E9AD5A7F-88C2-4651-8BBC-2F00A86CC9FF}.Release|Any CPU.ActiveCfg = Release|Any CPU
		{E9AD5A7F-88C2-4651-8BBC-2F00A86CC9FF}.Release|Any CPU.Build.0 = Release|Any CPU
		{72A0B021-FD58-456B-9BFE-CDD99EDC85A3}.Debug|Any CPU.ActiveCfg = Debug|Any CPU
		{72A0B021-FD58-456B-9BFE-CDD99EDC85A3}.Debug|Any CPU.Build.0 = Debug|Any CPU
		{72A0B021-FD58-456B-9BFE-CDD99EDC85A3}.Release|Any CPU.ActiveCfg = Release|Any CPU
		{72A0B021-FD58-456B-9BFE-CDD99EDC85A3}.Release|Any CPU.Build.0 = Release|Any CPU
	EndGlobalSection
	GlobalSection(SolutionProperties) = preSolution
		HideSolutionNode = FALSE
	EndGlobalSection
	GlobalSection(ExtensibilityGlobals) = postSolution
		SolutionGuid = {F2DB75C1-00B0-4CF4-BBD0-0F83725D748D}
	EndGlobalSection
EndGlobal
