
Microsoft Visual Studio Solution File, Format Version 12.00
# Visual Studio Version 17
VisualStudioVersion = 17.10.35122.118
MinimumVisualStudioVersion = 10.0.40219.1
Project("{9A19103F-16F7-4668-BE54-9A1E7A4F7556}") = "NetCoreAI.Project01_ApiDemo", "NetCoreAI.Project1_ApiDemo\NetCoreAI.Project01_ApiDemo.csproj", "{DEE7B87E-AA30-4D8D-A677-23242D2AE62E}"
EndProject
Project("{9A19103F-16F7-4668-BE54-9A1E7A4F7556}") = "NetCoreAI.Project02_ApiConsumeUI", "NetCoreAI.Project2_ApiConsumeUI\NetCoreAI.Project02_ApiConsumeUI.csproj", "{028E5A5F-EE23-4CAB-8A37-E6CB0CD27CD6}"
EndProject
Project("{9A19103F-16F7-4668-BE54-9A1E7A4F7556}") = "NetCoreAI.Project03_RapidApi", "NetCoreAI.Project3_RapidApi\NetCoreAI.Project03_RapidApi.csproj", "{7F1D1422-2EFE-4761-99E9-94E3021DF59F}"
EndProject
Project("{9A19103F-16F7-4668-BE54-9A1E7A4F7556}") = "NetCoreAI.Project04_OpenAIChat", "NetCoreAI.Project4_OpenAIChat\NetCoreAI.Project04_OpenAIChat.csproj", "{EB089D28-F262-4F6F-8D1C-AFAE33659429}"
EndProject
Project("{9A19103F-16F7-4668-BE54-9A1E7A4F7556}") = "NetCoreAI.Project05_OpenWhisperAudioTranskript", "NetCoreAI.Project5_OpenWhisperAudioTranskript\NetCoreAI.Project05_OpenWhisperAudioTranskript.csproj", "{FDEC6022-B848-42F0-92E9-32DA2538ABAE}"
EndProject
Project("{9A19103F-16F7-4668-BE54-9A1E7A4F7556}") = "NetCoreAI.Project06_DallEImageGeneration", "NetCoreAI.Project6_DallEImageGeneration\NetCoreAI.Project06_DallEImageGeneration.csproj", "{78D3F3BA-3F38-4D81-8C9B-34553A361E3D}"
EndProject
Project("{9A19103F-16F7-4668-BE54-9A1E7A4F7556}") = "NetCoreAI.Project07_TesseractOcr", "NetCoreAI.Project7_TesseractOcr\NetCoreAI.Project07_TesseractOcr.csproj", "{E9AD5A7F-88C2-4651-8BBC-2F00A86CC9FF}"
EndProject
Project("{9A19103F-16F7-4668-BE54-9A1E7A4F7556}") = "NetCoreAI.Project08_GoogleCloudVision", "NetCoreAI.Project8_GoogleCloudVision\NetCoreAI.Project08_GoogleCloudVision.csproj", "{72A0B021-FD58-456B-9BFE-CDD99EDC85A3}"
EndProject
Project("{9A19103F-16F7-4668-BE54-9A1E7A4F7556}") = "NetCoreAI.Project09_OpenAITranslate", "NetCoreAI.Project9_OpenAITranslate\NetCoreAI.Project09_OpenAITranslate.csproj", "{C95F61C6-DF46-4E3E-A79D-45A65BDCCFB8}"
EndProject
Project("{9A19103F-16F7-4668-BE54-9A1E7A4F7556}") = "NetCoreAI.Project10_TextToSpeech", "NetCoreAI.Project10_TextToSpeech\NetCoreAI.Project10_TextToSpeech.csproj", "{F97DCA25-0793-426E-929A-D77F4C1370B6}"
EndProject
Project("{9A19103F-16F7-4668-BE54-9A1E7A4F7556}") = "NetCoreAI.Project11_TextToSpeechWithOpenAI", "NetCoreAI.Project11_TextToSpeechWithOpenAI\NetCoreAI.Project11_TextToSpeechWithOpenAI.csproj", "{0CBD970F-5BC3-4BBF-87EA-005ADE12CC7F}"
EndProject
Project("{9A19103F-16F7-4668-BE54-9A1E7A4F7556}") = "NetCoreAI.Project12_SentimentAIApp", "NetCoreAI.Project12_SentimentAIApp\NetCoreAI.Project12_SentimentAIApp.csproj", "{A378305D-695E-450C-9DA2-AEFAE347D3EE}"
EndProject
Project("{9A19103F-16F7-4668-BE54-9A1E7A4F7556}") = "NetCoreAI.Project13_SentimentWithDegreeAIApp", "NetCoreAI.Project13_SentimentWithDegreeAIApp\NetCoreAI.Project13_SentimentWithDegreeAIApp.csproj", "{EBAFAF9B-D608-45B2-9A17-2DE9F6026E51}"
EndProject
Project("{9A19103F-16F7-4668-BE54-9A1E7A4F7556}") = "NetCoreAI.Project14_ArticleSummarizeAI", "NetCoreAI.Project14_ArticleSummarizeAI\NetCoreAI.Project14_ArticleSummarizeAI.csproj", "{9634BAE4-26B1-41BD-9AE2-9F0D51F73030}"
EndProject
Project("{9A19103F-16F7-4668-BE54-9A1E7A4F7556}") = "NetCoreAI.Project15_WebScrapingWithOpenAIApi", "NetCoreAI.Project15_WebScrapingWithOpenAIApi\NetCoreAI.Project15_WebScrapingWithOpenAIApi.csproj", "{BE3A1149-5BDA-467B-BEE7-254DBD3CCFDA}"
EndProject
Project("{9A19103F-16F7-4668-BE54-9A1E7A4F7556}") = "NetCoreAI.Project16_PdfAnalyzeWithOpenAI", "NetCoreAI.Project16_PdfAnalyzeWithOpenAI\NetCoreAI.Project16_PdfAnalyzeWithOpenAI.csproj", "{FB9E3BA2-5302-42FF-9574-E5AA05ABF652}"
EndProject
Project("{9A19103F-16F7-4668-BE54-9A1E7A4F7556}") = "NetCoreAI.Project17_GoogleCloudVisionImageDetection", "NetCoreAI.Project17_GoogleCloudVisionImageDetection\NetCoreAI.Project17_GoogleCloudVisionImageDetection.csproj", "{2AC63863-5611-4760-9659-7D56157B20F4}"
EndProject
Project("{9A19103F-16F7-4668-BE54-9A1E7A4F7556}") = "NetCoreAI.Project18_OpenAINewsSummarizeWithRss", "NetCoreAI.Project18_OpenAINewsSummarizeWithRss\NetCoreAI.Project18_OpenAINewsSummarizeWithRss.csproj", "{690DD27E-F20D-413F-A478-8F97658B94F1}"
EndProject
Project("{9A19103F-16F7-4668-BE54-9A1E7A4F7556}") = "NetCoreAI.Project19_CreateStoryWithAI", "NetCoreAI.Project19_CreateStoryWithAI\NetCoreAI.Project19_CreateStoryWithAI.csproj", "{FE573A9E-2F8E-42E0-B334-5068E39FE140}"
EndProject
Project("{FAE04EC0-301F-11D3-BF4B-00C04F79EFBC}") = "NetCoreAI.Project20_RecipeSuggestionWithOpenAI", "NetCoreAI.Project20_RecipeSuggestionWithOpenAI\NetCoreAI.Project20_RecipeSuggestionWithOpenAI.csproj", "{00C499F8-05D8-4580-964C-40DBF829439B}"
EndProject
Global
	GlobalSection(SolutionConfigurationPlatforms) = preSolution
		Debug|Any CPU = Debug|Any CPU
		Release|Any CPU = Release|Any CPU
	EndGlobalSection
	GlobalSection(ProjectConfigurationPlatforms) = postSolution
		{DEE7B87E-AA30-4D8D-A677-23242D2AE62E}.Debug|Any CPU.ActiveCfg = Debug|Any CPU
		{DEE7B87E-AA30-4D8D-A677-23242D2AE62E}.Debug|Any CPU.Build.0 = Debug|Any CPU
		{DEE7B87E-AA30-4D8D-A677-23242D2AE62E}.Release|Any CPU.ActiveCfg = Release|Any CPU
		{DEE7B87E-AA30-4D8D-A677-23242D2AE62E}.Release|Any CPU.Build.0 = Release|Any CPU
		{028E5A5F-EE23-4CAB-8A37-E6CB0CD27CD6}.Debug|Any CPU.ActiveCfg = Debug|Any CPU
		{028E5A5F-EE23-4CAB-8A37-E6CB0CD27CD6}.Debug|Any CPU.Build.0 = Debug|Any CPU
		{028E5A5F-EE23-4CAB-8A37-E6CB0CD27CD6}.Release|Any CPU.ActiveCfg = Release|Any CPU
		{028E5A5F-EE23-4CAB-8A37-E6CB0CD27CD6}.Release|Any CPU.Build.0 = Release|Any CPU
		{7F1D1422-2EFE-4761-99E9-94E3021DF59F}.Debug|Any CPU.ActiveCfg = Debug|Any CPU
		{7F1D1422-2EFE-4761-99E9-94E3021DF59F}.Debug|Any CPU.Build.0 = Debug|Any CPU
		{7F1D1422-2EFE-4761-99E9-94E3021DF59F}.Release|Any CPU.ActiveCfg = Release|Any CPU
		{7F1D1422-2EFE-4761-99E9-94E3021DF59F}.Release|Any CPU.Build.0 = Release|Any CPU
		{EB089D28-F262-4F6F-8D1C-AFAE33659429}.Debug|Any CPU.ActiveCfg = Debug|Any CPU
		{EB089D28-F262-4F6F-8D1C-AFAE33659429}.Debug|Any CPU.Build.0 = Debug|Any CPU
		{EB089D28-F262-4F6F-8D1C-AFAE33659429}.Release|Any CPU.ActiveCfg = Release|Any CPU
		{EB089D28-F262-4F6F-8D1C-AFAE33659429}.Release|Any CPU.Build.0 = Release|Any CPU
		{FDEC6022-B848-42F0-92E9-32DA2538ABAE}.Debug|Any CPU.ActiveCfg = Debug|Any CPU
		{FDEC6022-B848-42F0-92E9-32DA2538ABAE}.Debug|Any CPU.Build.0 = Debug|Any CPU
		{FDEC6022-B848-42F0-92E9-32DA2538ABAE}.Release|Any CPU.ActiveCfg = Release|Any CPU
		{FDEC6022-B848-42F0-92E9-32DA2538ABAE}.Release|Any CPU.Build.0 = Release|Any CPU
		{78D3F3BA-3F38-4D81-8C9B-34553A361E3D}.Debug|Any CPU.ActiveCfg = Debug|Any CPU
		{78D3F3BA-3F38-4D81-8C9B-34553A361E3D}.Debug|Any CPU.Build.0 = Debug|Any CPU
		{78D3F3BA-3F38-4D81-8C9B-34553A361E3D}.Release|Any CPU.ActiveCfg = Release|Any CPU
		{78D3F3BA-3F38-4D81-8C9B-34553A361E3D}.Release|Any CPU.Build.0 = Release|Any CPU
		{E9AD5A7F-88C2-4651-8BBC-2F00A86CC9FF}.Debug|Any CPU.ActiveCfg = Debug|Any CPU
		{E9AD5A7F-88C2-4651-8BBC-2F00A86CC9FF}.Debug|Any CPU.Build.0 = Debug|Any CPU
		{E9AD5A7F-88C2-4651-8BBC-2F00A86CC9FF}.Release|Any CPU.ActiveCfg = Release|Any CPU
		{E9AD5A7F-88C2-4651-8BBC-2F00A86CC9FF}.Release|Any CPU.Build.0 = Release|Any CPU
		{72A0B021-FD58-456B-9BFE-CDD99EDC85A3}.Debug|Any CPU.ActiveCfg = Debug|Any CPU
		{72A0B021-FD58-456B-9BFE-CDD99EDC85A3}.Debug|Any CPU.Build.0 = Debug|Any CPU
		{72A0B021-FD58-456B-9BFE-CDD99EDC85A3}.Release|Any CPU.ActiveCfg = Release|Any CPU
		{72A0B021-FD58-456B-9BFE-CDD99EDC85A3}.Release|Any CPU.Build.0 = Release|Any CPU
		{C95F61C6-DF46-4E3E-A79D-45A65BDCCFB8}.Debug|Any CPU.ActiveCfg = Debug|Any CPU
		{C95F61C6-DF46-4E3E-A79D-45A65BDCCFB8}.Debug|Any CPU.Build.0 = Debug|Any CPU
		{C95F61C6-DF46-4E3E-A79D-45A65BDCCFB8}.Release|Any CPU.ActiveCfg = Release|Any CPU
		{C95F61C6-DF46-4E3E-A79D-45A65BDCCFB8}.Release|Any CPU.Build.0 = Release|Any CPU
		{F97DCA25-0793-426E-929A-D77F4C1370B6}.Debug|Any CPU.ActiveCfg = Debug|Any CPU
		{F97DCA25-0793-426E-929A-D77F4C1370B6}.Debug|Any CPU.Build.0 = Debug|Any CPU
		{F97DCA25-0793-426E-929A-D77F4C1370B6}.Release|Any CPU.ActiveCfg = Release|Any CPU
		{F97DCA25-0793-426E-929A-D77F4C1370B6}.Release|Any CPU.Build.0 = Release|Any CPU
		{0CBD970F-5BC3-4BBF-87EA-005ADE12CC7F}.Debug|Any CPU.ActiveCfg = Debug|Any CPU
		{0CBD970F-5BC3-4BBF-87EA-005ADE12CC7F}.Debug|Any CPU.Build.0 = Debug|Any CPU
		{0CBD970F-5BC3-4BBF-87EA-005ADE12CC7F}.Release|Any CPU.ActiveCfg = Release|Any CPU
		{0CBD970F-5BC3-4BBF-87EA-005ADE12CC7F}.Release|Any CPU.Build.0 = Release|Any CPU
		{A378305D-695E-450C-9DA2-AEFAE347D3EE}.Debug|Any CPU.ActiveCfg = Debug|Any CPU
		{A378305D-695E-450C-9DA2-AEFAE347D3EE}.Debug|Any CPU.Build.0 = Debug|Any CPU
		{A378305D-695E-450C-9DA2-AEFAE347D3EE}.Release|Any CPU.ActiveCfg = Release|Any CPU
		{A378305D-695E-450C-9DA2-AEFAE347D3EE}.Release|Any CPU.Build.0 = Release|Any CPU
		{EBAFAF9B-D608-45B2-9A17-2DE9F6026E51}.Debug|Any CPU.ActiveCfg = Debug|Any CPU
		{EBAFAF9B-D608-45B2-9A17-2DE9F6026E51}.Debug|Any CPU.Build.0 = Debug|Any CPU
		{EBAFAF9B-D608-45B2-9A17-2DE9F6026E51}.Release|Any CPU.ActiveCfg = Release|Any CPU
		{EBAFAF9B-D608-45B2-9A17-2DE9F6026E51}.Release|Any CPU.Build.0 = Release|Any CPU
		{9634BAE4-26B1-41BD-9AE2-9F0D51F73030}.Debug|Any CPU.ActiveCfg = Debug|Any CPU
		{9634BAE4-26B1-41BD-9AE2-9F0D51F73030}.Debug|Any CPU.Build.0 = Debug|Any CPU
		{9634BAE4-26B1-41BD-9AE2-9F0D51F73030}.Release|Any CPU.ActiveCfg = Release|Any CPU
		{9634BAE4-26B1-41BD-9AE2-9F0D51F73030}.Release|Any CPU.Build.0 = Release|Any CPU
		{BE3A1149-5BDA-467B-BEE7-254DBD3CCFDA}.Debug|Any CPU.ActiveCfg = Debug|Any CPU
		{BE3A1149-5BDA-467B-BEE7-254DBD3CCFDA}.Debug|Any CPU.Build.0 = Debug|Any CPU
		{BE3A1149-5BDA-467B-BEE7-254DBD3CCFDA}.Release|Any CPU.ActiveCfg = Release|Any CPU
		{BE3A1149-5BDA-467B-BEE7-254DBD3CCFDA}.Release|Any CPU.Build.0 = Release|Any CPU
		{FB9E3BA2-5302-42FF-9574-E5AA05ABF652}.Debug|Any CPU.ActiveCfg = Debug|Any CPU
		{FB9E3BA2-5302-42FF-9574-E5AA05ABF652}.Debug|Any CPU.Build.0 = Debug|Any CPU
		{FB9E3BA2-5302-42FF-9574-E5AA05ABF652}.Release|Any CPU.ActiveCfg = Release|Any CPU
		{FB9E3BA2-5302-42FF-9574-E5AA05ABF652}.Release|Any CPU.Build.0 = Release|Any CPU
		{2AC63863-5611-4760-9659-7D56157B20F4}.Debug|Any CPU.ActiveCfg = Debug|Any CPU
		{2AC63863-5611-4760-9659-7D56157B20F4}.Debug|Any CPU.Build.0 = Debug|Any CPU
		{2AC63863-5611-4760-9659-7D56157B20F4}.Release|Any CPU.ActiveCfg = Release|Any CPU
		{2AC63863-5611-4760-9659-7D56157B20F4}.Release|Any CPU.Build.0 = Release|Any CPU
		{690DD27E-F20D-413F-A478-8F97658B94F1}.Debug|Any CPU.ActiveCfg = Debug|Any CPU
		{690DD27E-F20D-413F-A478-8F97658B94F1}.Debug|Any CPU.Build.0 = Debug|Any CPU
		{690DD27E-F20D-413F-A478-8F97658B94F1}.Release|Any CPU.ActiveCfg = Release|Any CPU
		{690DD27E-F20D-413F-A478-8F97658B94F1}.Release|Any CPU.Build.0 = Release|Any CPU
		{FE573A9E-2F8E-42E0-B334-5068E39FE140}.Debug|Any CPU.ActiveCfg = Debug|Any CPU
		{FE573A9E-2F8E-42E0-B334-5068E39FE140}.Debug|Any CPU.Build.0 = Debug|Any CPU
		{FE573A9E-2F8E-42E0-B334-5068E39FE140}.Release|Any CPU.ActiveCfg = Release|Any CPU
		{FE573A9E-2F8E-42E0-B334-5068E39FE140}.Release|Any CPU.Build.0 = Release|Any CPU
		{00C499F8-05D8-4580-964C-40DBF829439B}.Debug|Any CPU.ActiveCfg = Debug|Any CPU
		{00C499F8-05D8-4580-964C-40DBF829439B}.Debug|Any CPU.Build.0 = Debug|Any CPU
		{00C499F8-05D8-4580-964C-40DBF829439B}.Release|Any CPU.ActiveCfg = Release|Any CPU
		{00C499F8-05D8-4580-964C-40DBF829439B}.Release|Any CPU.Build.0 = Release|Any CPU
	EndGlobalSection
	GlobalSection(SolutionProperties) = preSolution
		HideSolutionNode = FALSE
	EndGlobalSection
	GlobalSection(ExtensibilityGlobals) = postSolution
		SolutionGuid = {F2DB75C1-00B0-4CF4-BBD0-0F83725D748D}
	EndGlobalSection
EndGlobal
